// !$*UTF8*$!
{
	archiveVersion = 1;
	classes = {
	};
	objectVersion = 50;
	objects = {

/* Begin PBXBuildFile section */
		6B35949824ED836B0006F8C9 /* AppDelegate.swift in Sources */ = {isa = PBXBuildFile; fileRef = 6B35949724ED836B0006F8C9 /* AppDelegate.swift */; };
		6B35949A24ED836B0006F8C9 /* SceneDelegate.swift in Sources */ = {isa = PBXBuildFile; fileRef = 6B35949924ED836B0006F8C9 /* SceneDelegate.swift */; };
		6B35949C24ED836B0006F8C9 /* ViewController.swift in Sources */ = {isa = PBXBuildFile; fileRef = 6B35949B24ED836B0006F8C9 /* ViewController.swift */; };
		6B35949F24ED836B0006F8C9 /* Main.storyboard in Resources */ = {isa = PBXBuildFile; fileRef = 6B35949D24ED836B0006F8C9 /* Main.storyboard */; };
		6B3594A124ED836D0006F8C9 /* Assets.xcassets in Resources */ = {isa = PBXBuildFile; fileRef = 6B3594A024ED836D0006F8C9 /* Assets.xcassets */; };
		6B3594A424ED836D0006F8C9 /* LaunchScreen.storyboard in Resources */ = {isa = PBXBuildFile; fileRef = 6B3594A224ED836D0006F8C9 /* LaunchScreen.storyboard */; };
		6B3594AF24ED836E0006F8C9 /* Jalen_T_VideoTests.swift in Sources */ = {isa = PBXBuildFile; fileRef = 6B3594AE24ED836E0006F8C9 /* Jalen_T_VideoTests.swift */; };
		6B3594BA24ED836E0006F8C9 /* Jalen_T_VideoUITests.swift in Sources */ = {isa = PBXBuildFile; fileRef = 6B3594B924ED836E0006F8C9 /* Jalen_T_VideoUITests.swift */; };
/* End PBXBuildFile section */

/* Begin PBXContainerItemProxy section */
		6B3594AB24ED836E0006F8C9 /* PBXContainerItemProxy */ = {
			isa = PBXContainerItemProxy;
			containerPortal = 6B35948C24ED836B0006F8C9 /* Project object */;
			proxyType = 1;
			remoteGlobalIDString = 6B35949324ED836B0006F8C9;
			remoteInfo = Jalen_T_Video;
		};
		6B3594B624ED836E0006F8C9 /* PBXContainerItemProxy */ = {
			isa = PBXContainerItemProxy;
			containerPortal = 6B35948C24ED836B0006F8C9 /* Project object */;
			proxyType = 1;
			remoteGlobalIDString = 6B35949324ED836B0006F8C9;
			remoteInfo = Jalen_T_Video;
		};
/* End PBXContainerItemProxy section */

/* Begin PBXFileReference section */
		6B35949424ED836B0006F8C9 /* Jalen_T_Video.app */ = {isa = PBXFileReference; explicitFileType = wrapper.application; includeInIndex = 0; path = Jalen_T_Video.app; sourceTree = BUILT_PRODUCTS_DIR; };
		6B35949724ED836B0006F8C9 /* AppDelegate.swift */ = {isa = PBXFileReference; lastKnownFileType = sourcecode.swift; path = AppDelegate.swift; sourceTree = "<group>"; };
		6B35949924ED836B0006F8C9 /* SceneDelegate.swift */ = {isa = PBXFileReference; lastKnownFileType = sourcecode.swift; path = SceneDelegate.swift; sourceTree = "<group>"; };
		6B35949B24ED836B0006F8C9 /* ViewController.swift */ = {isa = PBXFileReference; lastKnownFileType = sourcecode.swift; path = ViewController.swift; sourceTree = "<group>"; };
		6B35949E24ED836B0006F8C9 /* Base */ = {isa = PBXFileReference; lastKnownFileType = file.storyboard; name = Base; path = Base.lproj/Main.storyboard; sourceTree = "<group>"; };
		6B3594A024ED836D0006F8C9 /* Assets.xcassets */ = {isa = PBXFileReference; lastKnownFileType = folder.assetcatalog; path = Assets.xcassets; sourceTree = "<group>"; };
		6B3594A324ED836D0006F8C9 /* Base */ = {isa = PBXFileReference; lastKnownFileType = file.storyboard; name = Base; path = Base.lproj/LaunchScreen.storyboard; sourceTree = "<group>"; };
		6B3594A524ED836D0006F8C9 /* Info.plist */ = {isa = PBXFileReference; lastKnownFileType = text.plist.xml; path = Info.plist; sourceTree = "<group>"; };
		6B3594AA24ED836E0006F8C9 /* Jalen_T_VideoTests.xctest */ = {isa = PBXFileReference; explicitFileType = wrapper.cfbundle; includeInIndex = 0; path = Jalen_T_VideoTests.xctest; sourceTree = BUILT_PRODUCTS_DIR; };
		6B3594AE24ED836E0006F8C9 /* Jalen_T_VideoTests.swift */ = {isa = PBXFileReference; lastKnownFileType = sourcecode.swift; path = Jalen_T_VideoTests.swift; sourceTree = "<group>"; };
		6B3594B024ED836E0006F8C9 /* Info.plist */ = {isa = PBXFileReference; lastKnownFileType = text.plist.xml; path = Info.plist; sourceTree = "<group>"; };
		6B3594B524ED836E0006F8C9 /* Jalen_T_VideoUITests.xctest */ = {isa = PBXFileReference; explicitFileType = wrapper.cfbundle; includeInIndex = 0; path = Jalen_T_VideoUITests.xctest; sourceTree = BUILT_PRODUCTS_DIR; };
		6B3594B924ED836E0006F8C9 /* Jalen_T_VideoUITests.swift */ = {isa = PBXFileReference; lastKnownFileType = sourcecode.swift; path = Jalen_T_VideoUITests.swift; sourceTree = "<group>"; };
		6B3594BB24ED836E0006F8C9 /* Info.plist */ = {isa = PBXFileReference; lastKnownFileType = text.plist.xml; path = Info.plist; sourceTree = "<group>"; };
/* End PBXFileReference section */

/* Begin PBXFrameworksBuildPhase section */
		6B35949124ED836B0006F8C9 /* Frameworks */ = {
			isa = PBXFrameworksBuildPhase;
			buildActionMask = 2147483647;
			files = (
			);
			runOnlyForDeploymentPostprocessing = 0;
		};
		6B3594A724ED836E0006F8C9 /* Frameworks */ = {
			isa = PBXFrameworksBuildPhase;
			buildActionMask = 2147483647;
			files = (
			);
			runOnlyForDeploymentPostprocessing = 0;
		};
		6B3594B224ED836E0006F8C9 /* Frameworks */ = {
			isa = PBXFrameworksBuildPhase;
			buildActionMask = 2147483647;
			files = (
			);
			runOnlyForDeploymentPostprocessing = 0;
		};
/* End PBXFrameworksBuildPhase section */

/* Begin PBXGroup section */
		6B35948B24ED836B0006F8C9 = {
			isa = PBXGroup;
			children = (
				6B35949624ED836B0006F8C9 /* Jalen_T_Video */,
				6B3594AD24ED836E0006F8C9 /* Jalen_T_VideoTests */,
				6B3594B824ED836E0006F8C9 /* Jalen_T_VideoUITests */,
				6B35949524ED836B0006F8C9 /* Products */,
			);
			sourceTree = "<group>";
		};
		6B35949524ED836B0006F8C9 /* Products */ = {
			isa = PBXGroup;
			children = (
				6B35949424ED836B0006F8C9 /* Jalen_T_Video.app */,
				6B3594AA24ED836E0006F8C9 /* Jalen_T_VideoTests.xctest */,
				6B3594B524ED836E0006F8C9 /* Jalen_T_VideoUITests.xctest */,
			);
			name = Products;
			sourceTree = "<group>";
		};
		6B35949624ED836B0006F8C9 /* Jalen_T_Video */ = {
			isa = PBXGroup;
			children = (
				6B35949724ED836B0006F8C9 /* AppDelegate.swift */,
				6B35949924ED836B0006F8C9 /* SceneDelegate.swift */,
				6B35949B24ED836B0006F8C9 /* ViewController.swift */,
				6B35949D24ED836B0006F8C9 /* Main.storyboard */,
				6B3594A024ED836D0006F8C9 /* Assets.xcassets */,
				6B3594A224ED836D0006F8C9 /* LaunchScreen.storyboard */,
				6B3594A524ED836D0006F8C9 /* Info.plist */,
			);
			path = Jalen_T_Video;
			sourceTree = "<group>";
		};
		6B3594AD24ED836E0006F8C9 /* Jalen_T_VideoTests */ = {
			isa = PBXGroup;
			children = (
				6B3594AE24ED836E0006F8C9 /* Jalen_T_VideoTests.swift */,
				6B3594B024ED836E0006F8C9 /* Info.plist */,
			);
			path = Jalen_T_VideoTests;
			sourceTree = "<group>";
		};
		6B3594B824ED836E0006F8C9 /* Jalen_T_VideoUITests */ = {
			isa = PBXGroup;
			children = (
				6B3594B924ED836E0006F8C9 /* Jalen_T_VideoUITests.swift */,
				6B3594BB24ED836E0006F8C9 /* Info.plist */,
			);
			path = Jalen_T_VideoUITests;
			sourceTree = "<group>";
		};
/* End PBXGroup section */

/* Begin PBXNativeTarget section */
		6B35949324ED836B0006F8C9 /* Jalen_T_Video */ = {
			isa = PBXNativeTarget;
			buildConfigurationList = 6B3594BE24ED836E0006F8C9 /* Build configuration list for PBXNativeTarget "Jalen_T_Video" */;
			buildPhases = (
				6B35949024ED836B0006F8C9 /* Sources */,
				6B35949124ED836B0006F8C9 /* Frameworks */,
				6B35949224ED836B0006F8C9 /* Resources */,
			);
			buildRules = (
			);
			dependencies = (
			);
			name = Jalen_T_Video;
			productName = Jalen_T_Video;
			productReference = 6B35949424ED836B0006F8C9 /* Jalen_T_Video.app */;
			productType = "com.apple.product-type.application";
		};
		6B3594A924ED836E0006F8C9 /* Jalen_T_VideoTests */ = {
			isa = PBXNativeTarget;
			buildConfigurationList = 6B3594C124ED836E0006F8C9 /* Build configuration list for PBXNativeTarget "Jalen_T_VideoTests" */;
			buildPhases = (
				6B3594A624ED836E0006F8C9 /* Sources */,
				6B3594A724ED836E0006F8C9 /* Frameworks */,
				6B3594A824ED836E0006F8C9 /* Resources */,
			);
			buildRules = (
			);
			dependencies = (
				6B3594AC24ED836E0006F8C9 /* PBXTargetDependency */,
			);
			name = Jalen_T_VideoTests;
			productName = Jalen_T_VideoTests;
			productReference = 6B3594AA24ED836E0006F8C9 /* Jalen_T_VideoTests.xctest */;
			productType = "com.apple.product-type.bundle.unit-test";
		};
		6B3594B424ED836E0006F8C9 /* Jalen_T_VideoUITests */ = {
			isa = PBXNativeTarget;
			buildConfigurationList = 6B3594C424ED836E0006F8C9 /* Build configuration list for PBXNativeTarget "Jalen_T_VideoUITests" */;
			buildPhases = (
				6B3594B124ED836E0006F8C9 /* Sources */,
				6B3594B224ED836E0006F8C9 /* Frameworks */,
				6B3594B324ED836E0006F8C9 /* Resources */,
			);
			buildRules = (
			);
			dependencies = (
				6B3594B724ED836E0006F8C9 /* PBXTargetDependency */,
			);
			name = Jalen_T_VideoUITests;
			productName = Jalen_T_VideoUITests;
			productReference = 6B3594B524ED836E0006F8C9 /* Jalen_T_VideoUITests.xctest */;
			productType = "com.apple.product-type.bundle.ui-testing";
		};
/* End PBXNativeTarget section */

/* Begin PBXProject section */
		6B35948C24ED836B0006F8C9 /* Project object */ = {
			isa = PBXProject;
			attributes = {
				LastSwiftUpdateCheck = 1130;
				LastUpgradeCheck = 1130;
				ORGANIZATIONNAME = "Jalen Taylor";
				TargetAttributes = {
					6B35949324ED836B0006F8C9 = {
						CreatedOnToolsVersion = 11.3.1;
					};
					6B3594A924ED836E0006F8C9 = {
						CreatedOnToolsVersion = 11.3.1;
						TestTargetID = 6B35949324ED836B0006F8C9;
					};
					6B3594B424ED836E0006F8C9 = {
						CreatedOnToolsVersion = 11.3.1;
						TestTargetID = 6B35949324ED836B0006F8C9;
					};
				};
			};
			buildConfigurationList = 6B35948F24ED836B0006F8C9 /* Build configuration list for PBXProject "Jalen_T_Video" */;
			compatibilityVersion = "Xcode 9.3";
			developmentRegion = en;
			hasScannedForEncodings = 0;
			knownRegions = (
				en,
				Base,
			);
			mainGroup = 6B35948B24ED836B0006F8C9;
			productRefGroup = 6B35949524ED836B0006F8C9 /* Products */;
			projectDirPath = "";
			projectRoot = "";
			targets = (
				6B35949324ED836B0006F8C9 /* Jalen_T_Video */,
				6B3594A924ED836E0006F8C9 /* Jalen_T_VideoTests */,
				6B3594B424ED836E0006F8C9 /* Jalen_T_VideoUITests */,
			);
		};
/* End PBXProject section */

/* Begin PBXResourcesBuildPhase section */
		6B35949224ED836B0006F8C9 /* Resources */ = {
			isa = PBXResourcesBuildPhase;
			buildActionMask = 2147483647;
			files = (
				6B3594A424ED836D0006F8C9 /* LaunchScreen.storyboard in Resources */,
				6B3594A124ED836D0006F8C9 /* Assets.xcassets in Resources */,
				6B35949F24ED836B0006F8C9 /* Main.storyboard in Resources */,
			);
			runOnlyForDeploymentPostprocessing = 0;
		};
		6B3594A824ED836E0006F8C9 /* Resources */ = {
			isa = PBXResourcesBuildPhase;
			buildActionMask = 2147483647;
			files = (
			);
			runOnlyForDeploymentPostprocessing = 0;
		};
		6B3594B324ED836E0006F8C9 /* Resources */ = {
			isa = PBXResourcesBuildPhase;
			buildActionMask = 2147483647;
			files = (
			);
			runOnlyForDeploymentPostprocessing = 0;
		};
/* End PBXResourcesBuildPhase section */

/* Begin PBXSourcesBuildPhase section */
		6B35949024ED836B0006F8C9 /* Sources */ = {
			isa = PBXSourcesBuildPhase;
			buildActionMask = 2147483647;
			files = (
				6B35949C24ED836B0006F8C9 /* ViewController.swift in Sources */,
				6B35949824ED836B0006F8C9 /* AppDelegate.swift in Sources */,
				6B35949A24ED836B0006F8C9 /* SceneDelegate.swift in Sources */,
			);
			runOnlyForDeploymentPostprocessing = 0;
		};
		6B3594A624ED836E0006F8C9 /* Sources */ = {
			isa = PBXSourcesBuildPhase;
			buildActionMask = 2147483647;
			files = (
				6B3594AF24ED836E0006F8C9 /* Jalen_T_VideoTests.swift in Sources */,
			);
			runOnlyForDeploymentPostprocessing = 0;
		};
		6B3594B124ED836E0006F8C9 /* Sources */ = {
			isa = PBXSourcesBuildPhase;
			buildActionMask = 2147483647;
			files = (
				6B3594BA24ED836E0006F8C9 /* Jalen_T_VideoUITests.swift in Sources */,
			);
			runOnlyForDeploymentPostprocessing = 0;
		};
/* End PBXSourcesBuildPhase section */

/* Begin PBXTargetDependency section */
		6B3594AC24ED836E0006F8C9 /* PBXTargetDependency */ = {
			isa = PBXTargetDependency;
			target = 6B35949324ED836B0006F8C9 /* Jalen_T_Video */;
			targetProxy = 6B3594AB24ED836E0006F8C9 /* PBXContainerItemProxy */;
		};
		6B3594B724ED836E0006F8C9 /* PBXTargetDependency */ = {
			isa = PBXTargetDependency;
			target = 6B35949324ED836B0006F8C9 /* Jalen_T_Video */;
			targetProxy = 6B3594B624ED836E0006F8C9 /* PBXContainerItemProxy */;
		};
/* End PBXTargetDependency section */

/* Begin PBXVariantGroup section */
		6B35949D24ED836B0006F8C9 /* Main.storyboard */ = {
			isa = PBXVariantGroup;
			children = (
				6B35949E24ED836B0006F8C9 /* Base */,
			);
			name = Main.storyboard;
			sourceTree = "<group>";
		};
		6B3594A224ED836D0006F8C9 /* LaunchScreen.storyboard */ = {
			isa = PBXVariantGroup;
			children = (
				6B3594A324ED836D0006F8C9 /* Base */,
			);
			name = LaunchScreen.storyboard;
			sourceTree = "<group>";
		};
/* End PBXVariantGroup section */

/* Begin XCBuildConfiguration section */
		6B3594BC24ED836E0006F8C9 /* Debug */ = {
			isa = XCBuildConfiguration;
			buildSettings = {
				ALWAYS_SEARCH_USER_PATHS = NO;
				CLANG_ANALYZER_NONNULL = YES;
				CLANG_ANALYZER_NUMBER_OBJECT_CONVERSION = YES_AGGRESSIVE;
				CLANG_CXX_LANGUAGE_STANDARD = "gnu++14";
				CLANG_CXX_LIBRARY = "libc++";
				CLANG_ENABLE_MODULES = YES;
				CLANG_ENABLE_OBJC_ARC = YES;
				CLANG_ENABLE_OBJC_WEAK = YES;
				CLANG_WARN_BLOCK_CAPTURE_AUTORELEASING = YES;
				CLANG_WARN_BOOL_CONVERSION = YES;
				CLANG_WARN_COMMA = YES;
				CLANG_WARN_CONSTANT_CONVERSION = YES;
				CLANG_WARN_DEPRECATED_OBJC_IMPLEMENTATIONS = YES;
				CLANG_WARN_DIRECT_OBJC_ISA_USAGE = YES_ERROR;
				CLANG_WARN_DOCUMENTATION_COMMENTS = YES;
				CLANG_WARN_EMPTY_BODY = YES;
				CLANG_WARN_ENUM_CONVERSION = YES;
				CLANG_WARN_INFINITE_RECURSION = YES;
				CLANG_WARN_INT_CONVERSION = YES;
				CLANG_WARN_NON_LITERAL_NULL_CONVERSION = YES;
				CLANG_WARN_OBJC_IMPLICIT_RETAIN_SELF = YES;
				CLANG_WARN_OBJC_LITERAL_CONVERSION = YES;
				CLANG_WARN_OBJC_ROOT_CLASS = YES_ERROR;
				CLANG_WARN_RANGE_LOOP_ANALYSIS = YES;
				CLANG_WARN_STRICT_PROTOTYPES = YES;
				CLANG_WARN_SUSPICIOUS_MOVE = YES;
				CLANG_WARN_UNGUARDED_AVAILABILITY = YES_AGGRESSIVE;
				CLANG_WARN_UNREACHABLE_CODE = YES;
				CLANG_WARN__DUPLICATE_METHOD_MATCH = YES;
				COPY_PHASE_STRIP = NO;
				DEBUG_INFORMATION_FORMAT = dwarf;
				ENABLE_STRICT_OBJC_MSGSEND = YES;
				ENABLE_TESTABILITY = YES;
				GCC_C_LANGUAGE_STANDARD = gnu11;
				GCC_DYNAMIC_NO_PIC = NO;
				GCC_NO_COMMON_BLOCKS = YES;
				GCC_OPTIMIZATION_LEVEL = 0;
				GCC_PREPROCESSOR_DEFINITIONS = (
					"DEBUG=1",
					"$(inherited)",
				);
				GCC_WARN_64_TO_32_BIT_CONVERSION = YES;
				GCC_WARN_ABOUT_RETURN_TYPE = YES_ERROR;
				GCC_WARN_UNDECLARED_SELECTOR = YES;
				GCC_WARN_UNINITIALIZED_AUTOS = YES_AGGRESSIVE;
				GCC_WARN_UNUSED_FUNCTION = YES;
				GCC_WARN_UNUSED_VARIABLE = YES;
				IPHONEOS_DEPLOYMENT_TARGET = 13.2;
				MTL_ENABLE_DEBUG_INFO = INCLUDE_SOURCE;
				MTL_FAST_MATH = YES;
				ONLY_ACTIVE_ARCH = YES;
				SDKROOT = iphoneos;
				SWIFT_ACTIVE_COMPILATION_CONDITIONS = DEBUG;
				SWIFT_OPTIMIZATION_LEVEL = "-Onone";
			};
			name = Debug;
		};
		6B3594BD24ED836E0006F8C9 /* Release */ = {
			isa = XCBuildConfiguration;
			buildSettings = {
				ALWAYS_SEARCH_USER_PATHS = NO;
				CLANG_ANALYZER_NONNULL = YES;
				CLANG_ANALYZER_NUMBER_OBJECT_CONVERSION = YES_AGGRESSIVE;
				CLANG_CXX_LANGUAGE_STANDARD = "gnu++14";
				CLANG_CXX_LIBRARY = "libc++";
				CLANG_ENABLE_MODULES = YES;
				CLANG_ENABLE_OBJC_ARC = YES;
				CLANG_ENABLE_OBJC_WEAK = YES;
				CLANG_WARN_BLOCK_CAPTURE_AUTORELEASING = YES;
				CLANG_WARN_BOOL_CONVERSION = YES;
				CLANG_WARN_COMMA = YES;
				CLANG_WARN_CONSTANT_CONVERSION = YES;
				CLANG_WARN_DEPRECATED_OBJC_IMPLEMENTATIONS = YES;
				CLANG_WARN_DIRECT_OBJC_ISA_USAGE = YES_ERROR;
				CLANG_WARN_DOCUMENTATION_COMMENTS = YES;
				CLANG_WARN_EMPTY_BODY = YES;
				CLANG_WARN_ENUM_CONVERSION = YES;
				CLANG_WARN_INFINITE_RECURSION = YES;
				CLANG_WARN_INT_CONVERSION = YES;
				CLANG_WARN_NON_LITERAL_NULL_CONVERSION = YES;
				CLANG_WARN_OBJC_IMPLICIT_RETAIN_SELF = YES;
				CLANG_WARN_OBJC_LITERAL_CONVERSION = YES;
				CLANG_WARN_OBJC_ROOT_CLASS = YES_ERROR;
				CLANG_WARN_RANGE_LOOP_ANALYSIS = YES;
				CLANG_WARN_STRICT_PROTOTYPES = YES;
				CLANG_WARN_SUSPICIOUS_MOVE = YES;
				CLANG_WARN_UNGUARDED_AVAILABILITY = YES_AGGRESSIVE;
				CLANG_WARN_UNREACHABLE_CODE = YES;
				CLANG_WARN__DUPLICATE_METHOD_MATCH = YES;
				COPY_PHASE_STRIP = NO;
				DEBUG_INFORMATION_FORMAT = "dwarf-with-dsym";
				ENABLE_NS_ASSERTIONS = NO;
				ENABLE_STRICT_OBJC_MSGSEND = YES;
				GCC_C_LANGUAGE_STANDARD = gnu11;
				GCC_NO_COMMON_BLOCKS = YES;
				GCC_WARN_64_TO_32_BIT_CONVERSION = YES;
				GCC_WARN_ABOUT_RETURN_TYPE = YES_ERROR;
				GCC_WARN_UNDECLARED_SELECTOR = YES;
				GCC_WARN_UNINITIALIZED_AUTOS = YES_AGGRESSIVE;
				GCC_WARN_UNUSED_FUNCTION = YES;
				GCC_WARN_UNUSED_VARIABLE = YES;
				IPHONEOS_DEPLOYMENT_TARGET = 13.2;
				MTL_ENABLE_DEBUG_INFO = NO;
				MTL_FAST_MATH = YES;
				SDKROOT = iphoneos;
				SWIFT_COMPILATION_MODE = wholemodule;
				SWIFT_OPTIMIZATION_LEVEL = "-O";
				VALIDATE_PRODUCT = YES;
			};
			name = Release;
		};
		6B3594BF24ED836E0006F8C9 /* Debug */ = {
			isa = XCBuildConfiguration;
			buildSettings = {
				ASSETCATALOG_COMPILER_APPICON_NAME = AppIcon;
				CODE_SIGN_STYLE = Automatic;
				INFOPLIST_FILE = Jalen_T_Video/Info.plist;
				LD_RUNPATH_SEARCH_PATHS = (
					"$(inherited)",
					"@executable_path/Frameworks",
				);
				PRODUCT_BUNDLE_IDENTIFIER = "JT.Jalen-T-Video";
				PRODUCT_NAME = "$(TARGET_NAME)";
				SWIFT_VERSION = 5.0;
				TARGETED_DEVICE_FAMILY = "1,2";
			};
			name = Debug;
		};
		6B3594C024ED836E0006F8C9 /* Release */ = {
			isa = XCBuildConfiguration;
			buildSettings = {
				ASSETCATALOG_COMPILER_APPICON_NAME = AppIcon;
				CODE_SIGN_STYLE = Automatic;
				INFOPLIST_FILE = Jalen_T_Video/Info.plist;
				LD_RUNPATH_SEARCH_PATHS = (
					"$(inherited)",
					"@executable_path/Frameworks",
				);
				PRODUCT_BUNDLE_IDENTIFIER = "JT.Jalen-T-Video";
				PRODUCT_NAME = "$(TARGET_NAME)";
				SWIFT_VERSION = 5.0;
				TARGETED_DEVICE_FAMILY = "1,2";
			};
			name = Release;
		};
		6B3594C224ED836E0006F8C9 /* Debug */ = {
			isa = XCBuildConfiguration;
			buildSettings = {
				ALWAYS_EMBED_SWIFT_STANDARD_LIBRARIES = YES;
				BUNDLE_LOADER = "$(TEST_HOST)";
				CODE_SIGN_STYLE = Automatic;
				INFOPLIST_FILE = Jalen_T_VideoTests/Info.plist;
				IPHONEOS_DEPLOYMENT_TARGET = 13.2;
				LD_RUNPATH_SEARCH_PATHS = (
					"$(inherited)",
					"@executable_path/Frameworks",
					"@loader_path/Frameworks",
				);
				PRODUCT_BUNDLE_IDENTIFIER = "JT.Jalen-T-VideoTests";
				PRODUCT_NAME = "$(TARGET_NAME)";
				SWIFT_VERSION = 5.0;
				TARGETED_DEVICE_FAMILY = "1,2";
				TEST_HOST = "$(BUILT_PRODUCTS_DIR)/Jalen_T_Video.app/Jalen_T_Video";
			};
			name = Debug;
		};
		6B3594C324ED836E0006F8C9 /* Release */ = {
			isa = XCBuildConfiguration;
			buildSettings = {
				ALWAYS_EMBED_SWIFT_STANDARD_LIBRARIES = YES;
				BUNDLE_LOADER = "$(TEST_HOST)";
				CODE_SIGN_STYLE = Automatic;
				INFOPLIST_FILE = Jalen_T_VideoTests/Info.plist;
				IPHONEOS_DEPLOYMENT_TARGET = 13.2;
				LD_RUNPATH_SEARCH_PATHS = (
					"$(inherited)",
					"@executable_path/Frameworks",
					"@loader_path/Frameworks",
				);
				PRODUCT_BUNDLE_IDENTIFIER = "JT.Jalen-T-VideoTests";
				PRODUCT_NAME = "$(TARGET_NAME)";
				SWIFT_VERSION = 5.0;
				TARGETED_DEVICE_FAMILY = "1,2";
				TEST_HOST = "$(BUILT_PRODUCTS_DIR)/Jalen_T_Video.app/Jalen_T_Video";
			};
			name = Release;
		};
		6B3594C524ED836E0006F8C9 /* Debug */ = {
			isa = XCBuildConfiguration;
			buildSettings = {
				ALWAYS_EMBED_SWIFT_STANDARD_LIBRARIES = YES;
				CODE_SIGN_STYLE = Automatic;
				INFOPLIST_FILE = Jalen_T_VideoUITests/Info.plist;
				LD_RUNPATH_SEARCH_PATHS = (
					"$(inherited)",
					"@executable_path/Frameworks",
					"@loader_path/Frameworks",
				);
				PRODUCT_BUNDLE_IDENTIFIER = "JT.Jalen-T-VideoUITests";
				PRODUCT_NAME = "$(TARGET_NAME)";
				SWIFT_VERSION = 5.0;
				TARGETED_DEVICE_FAMILY = "1,2";
				TEST_TARGET_NAME = Jalen_T_Video;
			};
			name = Debug;
		};
		6B3594C624ED836E0006F8C9 /* Release */ = {
			isa = XCBuildConfiguration;
			buildSettings = {
				ALWAYS_EMBED_SWIFT_STANDARD_LIBRARIES = YES;
				CODE_SIGN_STYLE = Automatic;
				INFOPLIST_FILE = Jalen_T_VideoUITests/Info.plist;
				LD_RUNPATH_SEARCH_PATHS = (
					"$(inherited)",
					"@executable_path/Frameworks",
					"@loader_path/Frameworks",
				);
				PRODUCT_BUNDLE_IDENTIFIER = "JT.Jalen-T-VideoUITests";
				PRODUCT_NAME = "$(TARGET_NAME)";
				SWIFT_VERSION = 5.0;
				TARGETED_DEVICE_FAMILY = "1,2";
				TEST_TARGET_NAME = Jalen_T_Video;
			};
			name = Release;
		};
/* End XCBuildConfiguration section */

/* Begin XCConfigurationList section */
		6B35948F24ED836B0006F8C9 /* Build configuration list for PBXProject "Jalen_T_Video" */ = {
			isa = XCConfigurationList;
			buildConfigurations = (
				6B3594BC24ED836E0006F8C9 /* Debug */,
				6B3594BD24ED836E0006F8C9 /* Release */,
			);
			defaultConfigurationIsVisible = 0;
			defaultConfigurationName = Release;
		};
		6B3594BE24ED836E0006F8C9 /* Build configuration list for PBXNativeTarget "Jalen_T_Video" */ = {
			isa = XCConfigurationList;
			buildConfigurations = (
				6B3594BF24ED836E0006F8C9 /* Debug */,
				6B3594C024ED836E0006F8C9 /* Release */,
			);
			defaultConfigurationIsVisible = 0;
			defaultConfigurationName = Release;
		};
		6B3594C124ED836E0006F8C9 /* Build configuration list for PBXNativeTarget "Jalen_T_VideoTests" */ = {
			isa = XCConfigurationList;
			buildConfigurations = (
				6B3594C224ED836E0006F8C9 /* Debug */,
				6B3594C324ED836E0006F8C9 /* Release */,
			);
			defaultConfigurationIsVisible = 0;
			defaultConfigurationName = Release;
		};
		6B3594C424ED836E0006F8C9 /* Build configuration list for PBXNativeTarget "Jalen_T_VideoUITests" */ = {
			isa = XCConfigurationList;
			buildConfigurations = (
				6B3594C524ED836E0006F8C9 /* Debug */,
				6B3594C624ED836E0006F8C9 /* Release */,
			);
			defaultConfigurationIsVisible = 0;
			defaultConfigurationName = Release;
		};
/* End XCConfigurationList section */
	};
	rootObject = 6B35948C24ED836B0006F8C9 /* Project object */;
}
